
Microsoft Visual Studio Solution File, Format Version 12.00
Project("{FAE04EC0-301F-11D3-BF4B-00C04F79EFBC}") = "Server", "Server\Server.csproj", "{AB5DE676-F731-481C-909C-48905B6E5274}"
EndProject
Project("{FAE04EC0-301F-11D3-BF4B-00C04F79EFBC}") = "TestClient", "TestClient\TestClient.csproj", "{6CA2B314-2D79-46DC-9706-48E003A025BD}"
EndProject
Project("{FAE04EC0-301F-11D3-BF4B-00C04F79EFBC}") = "Shared", "Shared\Shared.csproj", "{CE222C1F-FBCE-4690-BD14-B7D6290A473E}"
EndProject
Project("{2150E333-8FDC-42A3-9474-1A3956D46DE8}") = "External Items", "External Items", "{38C80331-521C-4097-8652-4DF384E5B9C1}"
	ProjectSection(SolutionItems) = preProject
		README.md = README.md
	EndProjectSection
EndProject
Global
	GlobalSection(SolutionConfigurationPlatforms) = preSolution
		Debug|Any CPU = Debug|Any CPU
		Release|Any CPU = Release|Any CPU
	EndGlobalSection
	GlobalSection(ProjectConfigurationPlatforms) = postSolution
		{AB5DE676-F731-481C-909C-48905B6E5274}.Debug|Any CPU.ActiveCfg = Debug|Any CPU
		{AB5DE676-F731-481C-909C-48905B6E5274}.Debug|Any CPU.Build.0 = Debug|Any CPU
		{AB5DE676-F731-481C-909C-48905B6E5274}.Release|Any CPU.ActiveCfg = Release|Any CPU
		{AB5DE676-F731-481C-909C-48905B6E5274}.Release|Any CPU.Build.0 = Release|Any CPU
		{6CA2B314-2D79-46DC-9706-48E003A025BD}.Debug|Any CPU.ActiveCfg = Debug|Any CPU
		{6CA2B314-2D79-46DC-9706-48E003A025BD}.Debug|Any CPU.Build.0 = Debug|Any CPU
		{6CA2B314-2D79-46DC-9706-48E003A025BD}.Release|Any CPU.ActiveCfg = Release|Any CPU
		{6CA2B314-2D79-46DC-9706-48E003A025BD}.Release|Any CPU.Build.0 = Release|Any CPU
		{CE222C1F-FBCE-4690-BD14-B7D6290A473E}.Debug|Any CPU.ActiveCfg = Debug|Any CPU
		{CE222C1F-FBCE-4690-BD14-B7D6290A473E}.Debug|Any CPU.Build.0 = Debug|Any CPU
		{CE222C1F-FBCE-4690-BD14-B7D6290A473E}.Release|Any CPU.ActiveCfg = Release|Any CPU
		{CE222C1F-FBCE-4690-BD14-B7D6290A473E}.Release|Any CPU.Build.0 = Release|Any CPU
	EndGlobalSection
EndGlobal
